
Microsoft Visual Studio Solution File, Format Version 12.00
# Visual Studio 15
VisualStudioVersion = 15.0.28307.168
MinimumVisualStudioVersion = 10.0.40219.1
Project("{8BC9CEB8-8B4A-11D0-8D11-00A0C91BC942}") = "ForStudying", "ForStudying\ForStudying.vcxproj", "{F99F3353-0E9F-455A-BF7D-4EA7C08880BF}"
EndProject
Project("{8BC9CEB8-8B4A-11D0-8D11-00A0C91BC942}") = "Sorting", "Sorting\Sorting.vcxproj", "{6BA61EFE-8DF7-45C8-8F27-5201FA65FC30}"
EndProject
Project("{8BC9CEB8-8B4A-11D0-8D11-00A0C91BC942}") = "Searching", "Searching\Searching.vcxproj", "{041049EC-A792-4764-9251-7D5BE0EC53F4}"
EndProject
Project("{8BC9CEB8-8B4A-11D0-8D11-00A0C91BC942}") = "binaryRecursive", "binaryRecursive\binaryRecursive.vcxproj", "{B8992887-D891-4A81-A9B5-2E514B3AE709}"
EndProject
Project("{8BC9CEB8-8B4A-11D0-8D11-00A0C91BC942}") = "palindrome", "palindrome\palindrome.vcxproj", "{23A67BD3-BA34-4F03-9D90-2AA872EF622C}"
EndProject
Project("{8BC9CEB8-8B4A-11D0-8D11-00A0C91BC942}") = "Target", "Target\Target.vcxproj", "{B9A0D725-081F-4129-AF2F-F282F332DD8D}"
EndProject
Project("{8BC9CEB8-8B4A-11D0-8D11-00A0C91BC942}") = "largest digit", "largest digit\largest digit.vcxproj", "{50C42A15-F3CE-40B5-8B8F-F04223FADBC6}"
EndProject
Global
	GlobalSection(SolutionConfigurationPlatforms) = preSolution
		Debug|x64 = Debug|x64
		Debug|x86 = Debug|x86
		Release|x64 = Release|x64
		Release|x86 = Release|x86
	EndGlobalSection
	GlobalSection(ProjectConfigurationPlatforms) = postSolution
		{F99F3353-0E9F-455A-BF7D-4EA7C08880BF}.Debug|x64.ActiveCfg = Debug|x64
		{F99F3353-0E9F-455A-BF7D-4EA7C08880BF}.Debug|x64.Build.0 = Debug|x64
		{F99F3353-0E9F-455A-BF7D-4EA7C08880BF}.Debug|x86.ActiveCfg = Debug|Win32
		{F99F3353-0E9F-455A-BF7D-4EA7C08880BF}.Debug|x86.Build.0 = Debug|Win32
		{F99F3353-0E9F-455A-BF7D-4EA7C08880BF}.Release|x64.ActiveCfg = Release|x64
		{F99F3353-0E9F-455A-BF7D-4EA7C08880BF}.Release|x64.Build.0 = Release|x64
		{F99F3353-0E9F-455A-BF7D-4EA7C08880BF}.Release|x86.ActiveCfg = Release|Win32
		{F99F3353-0E9F-455A-BF7D-4EA7C08880BF}.Release|x86.Build.0 = Release|Win32
		{6BA61EFE-8DF7-45C8-8F27-5201FA65FC30}.Debug|x64.ActiveCfg = Debug|x64
		{6BA61EFE-8DF7-45C8-8F27-5201FA65FC30}.Debug|x64.Build.0 = Debug|x64
		{6BA61EFE-8DF7-45C8-8F27-5201FA65FC30}.Debug|x86.ActiveCfg = Debug|Win32
		{6BA61EFE-8DF7-45C8-8F27-5201FA65FC30}.Debug|x86.Build.0 = Debug|Win32
		{6BA61EFE-8DF7-45C8-8F27-5201FA65FC30}.Release|x64.ActiveCfg = Release|x64
		{6BA61EFE-8DF7-45C8-8F27-5201FA65FC30}.Release|x64.Build.0 = Release|x64
		{6BA61EFE-8DF7-45C8-8F27-5201FA65FC30}.Release|x86.ActiveCfg = Release|Win32
		{6BA61EFE-8DF7-45C8-8F27-5201FA65FC30}.Release|x86.Build.0 = Release|Win32
		{041049EC-A792-4764-9251-7D5BE0EC53F4}.Debug|x64.ActiveCfg = Debug|x64
		{041049EC-A792-4764-9251-7D5BE0EC53F4}.Debug|x64.Build.0 = Debug|x64
		{041049EC-A792-4764-9251-7D5BE0EC53F4}.Debug|x86.ActiveCfg = Debug|Win32
		{041049EC-A792-4764-9251-7D5BE0EC53F4}.Debug|x86.Build.0 = Debug|Win32
		{041049EC-A792-4764-9251-7D5BE0EC53F4}.Release|x64.ActiveCfg = Release|x64
		{041049EC-A792-4764-9251-7D5BE0EC53F4}.Release|x64.Build.0 = Release|x64
		{041049EC-A792-4764-9251-7D5BE0EC53F4}.Release|x86.ActiveCfg = Release|Win32
		{041049EC-A792-4764-9251-7D5BE0EC53F4}.Release|x86.Build.0 = Release|Win32
		{B8992887-D891-4A81-A9B5-2E514B3AE709}.Debug|x64.ActiveCfg = Debug|x64
		{B8992887-D891-4A81-A9B5-2E514B3AE709}.Debug|x64.Build.0 = Debug|x64
		{B8992887-D891-4A81-A9B5-2E514B3AE709}.Debug|x86.ActiveCfg = Debug|Win32
		{B8992887-D891-4A81-A9B5-2E514B3AE709}.Debug|x86.Build.0 = Debug|Win32
		{B8992887-D891-4A81-A9B5-2E514B3AE709}.Release|x64.ActiveCfg = Release|x64
		{B8992887-D891-4A81-A9B5-2E514B3AE709}.Release|x64.Build.0 = Release|x64
		{B8992887-D891-4A81-A9B5-2E514B3AE709}.Release|x86.ActiveCfg = Release|Win32
		{B8992887-D891-4A81-A9B5-2E514B3AE709}.Release|x86.Build.0 = Release|Win32
		{23A67BD3-BA34-4F03-9D90-2AA872EF622C}.Debug|x64.ActiveCfg = Debug|x64
		{23A67BD3-BA34-4F03-9D90-2AA872EF622C}.Debug|x64.Build.0 = Debug|x64
		{23A67BD3-BA34-4F03-9D90-2AA872EF622C}.Debug|x86.ActiveCfg = Debug|Win32
		{23A67BD3-BA34-4F03-9D90-2AA872EF622C}.Debug|x86.Build.0 = Debug|Win32
		{23A67BD3-BA34-4F03-9D90-2AA872EF622C}.Release|x64.ActiveCfg = Release|x64
		{23A67BD3-BA34-4F03-9D90-2AA872EF622C}.Release|x64.Build.0 = Release|x64
		{23A67BD3-BA34-4F03-9D90-2AA872EF622C}.Release|x86.ActiveCfg = Release|Win32
		{23A67BD3-BA34-4F03-9D90-2AA872EF622C}.Release|x86.Build.0 = Release|Win32
		{B9A0D725-081F-4129-AF2F-F282F332DD8D}.Debug|x64.ActiveCfg = Debug|x64
		{B9A0D725-081F-4129-AF2F-F282F332DD8D}.Debug|x64.Build.0 = Debug|x64
		{B9A0D725-081F-4129-AF2F-F282F332DD8D}.Debug|x86.ActiveCfg = Debug|Win32
		{B9A0D725-081F-4129-AF2F-F282F332DD8D}.Debug|x86.Build.0 = Debug|Win32
		{B9A0D725-081F-4129-AF2F-F282F332DD8D}.Release|x64.ActiveCfg = Release|x64
		{B9A0D725-081F-4129-AF2F-F282F332DD8D}.Release|x64.Build.0 = Release|x64
		{B9A0D725-081F-4129-AF2F-F282F332DD8D}.Release|x86.ActiveCfg = Release|Win32
		{B9A0D725-081F-4129-AF2F-F282F332DD8D}.Release|x86.Build.0 = Release|Win32
		{50C42A15-F3CE-40B5-8B8F-F04223FADBC6}.Debug|x64.ActiveCfg = Debug|x64
		{50C42A15-F3CE-40B5-8B8F-F04223FADBC6}.Debug|x64.Build.0 = Debug|x64
		{50C42A15-F3CE-40B5-8B8F-F04223FADBC6}.Debug|x86.ActiveCfg = Debug|Win32
		{50C42A15-F3CE-40B5-8B8F-F04223FADBC6}.Debug|x86.Build.0 = Debug|Win32
		{50C42A15-F3CE-40B5-8B8F-F04223FADBC6}.Release|x64.ActiveCfg = Release|x64
		{50C42A15-F3CE-40B5-8B8F-F04223FADBC6}.Release|x64.Build.0 = Release|x64
		{50C42A15-F3CE-40B5-8B8F-F04223FADBC6}.Release|x86.ActiveCfg = Release|Win32
		{50C42A15-F3CE-40B5-8B8F-F04223FADBC6}.Release|x86.Build.0 = Release|Win32
	EndGlobalSection
	GlobalSection(SolutionProperties) = preSolution
		HideSolutionNode = FALSE
	EndGlobalSection
	GlobalSection(ExtensibilityGlobals) = postSolution
		SolutionGuid = {3CE1EFE2-7562-4E7E-99E4-1882AFDB24A3}
	EndGlobalSection
EndGlobal
